
Microsoft Visual Studio Solution File, Format Version 12.00
# Visual Studio Version 17
VisualStudioVersion = 17.9.34728.123
MinimumVisualStudioVersion = 10.0.40219.1
Project("{FAE04EC0-301F-11D3-BF4B-00C04F79EFBC}") = "BlazorTodoItem", "BlazorTodoItem.csproj", "{3C2E644D-2ED8-461B-98D0-4036687CA04C}"
EndProject
Global
	GlobalSection(SolutionConfigurationPlatforms) = preSolution
		Debug|Any CPU = Debug|Any CPU
		Release|Any CPU = Release|Any CPU
	EndGlobalSection
	GlobalSection(ProjectConfigurationPlatforms) = postSolution
		{3C2E644D-2ED8-461B-98D0-4036687CA04C}.Debug|Any CPU.ActiveCfg = Debug|Any CPU
		{3C2E644D-2ED8-461B-98D0-4036687CA04C}.Debug|Any CPU.Build.0 = Debug|Any CPU
		{3C2E644D-2ED8-461B-98D0-4036687CA04C}.Release|Any CPU.ActiveCfg = Release|Any CPU
		{3C2E644D-2ED8-461B-98D0-4036687CA04C}.Release|Any CPU.Build.0 = Release|Any CPU
	EndGlobalSection
	GlobalSection(SolutionProperties) = preSolution
		HideSolutionNode = FALSE
	EndGlobalSection
	GlobalSection(ExtensibilityGlobals) = postSolution
		SolutionGuid = {65E6C902-3E74-4422-873B-293CB7042571}
	EndGlobalSection
EndGlobal
